
Microsoft Visual Studio Solution File, Format Version 12.00
# Visual Studio Version 17
VisualStudioVersion = 17.11.35327.3
MinimumVisualStudioVersion = 10.0.40219.1
Project("{FAE04EC0-301F-11D3-BF4B-00C04F79EFBC}") = "practica05", "practica05\practica05.csproj", "{F2EFC540-150F-4E74-B665-CA7A7C9C8B0C}"
EndProject
Global
	GlobalSection(SolutionConfigurationPlatforms) = preSolution
		Debug|Any CPU = Debug|Any CPU
		Release|Any CPU = Release|Any CPU
	EndGlobalSection
	GlobalSection(ProjectConfigurationPlatforms) = postSolution
		{F2EFC540-150F-4E74-B665-CA7A7C9C8B0C}.Debug|Any CPU.ActiveCfg = Debug|Any CPU
		{F2EFC540-150F-4E74-B665-CA7A7C9C8B0C}.Debug|Any CPU.Build.0 = Debug|Any CPU
		{F2EFC540-150F-4E74-B665-CA7A7C9C8B0C}.Release|Any CPU.ActiveCfg = Release|Any CPU
		{F2EFC540-150F-4E74-B665-CA7A7C9C8B0C}.Release|Any CPU.Build.0 = Release|Any CPU
	EndGlobalSection
	GlobalSection(SolutionProperties) = preSolution
		HideSolutionNode = FALSE
	EndGlobalSection
	GlobalSection(ExtensibilityGlobals) = postSolution
		SolutionGuid = {7AA40787-7456-4CC9-AABE-6F35DA0225FB}
	EndGlobalSection
EndGlobal
